// !$*UTF8*$!
{
	archiveVersion = 1;
	classes = {
	};
	objectVersion = 46;
	objects = {

/* Begin PBXBuildFile section */
		2D83D6CE1E677C5300E3A7CF /* DataRecorderDeps.framework in Frameworks */ = {isa = PBXBuildFile; fileRef = 2D2AB32D1E677ACF0053BAD9 /* DataRecorderDeps.framework */; };
		2D83D6CF1E677C5300E3A7CF /* DataRecorderDeps.framework in Embed Frameworks */ = {isa = PBXBuildFile; fileRef = 2D2AB32D1E677ACF0053BAD9 /* DataRecorderDeps.framework */; settings = {ATTRIBUTES = (CodeSignOnCopy, RemoveHeadersOnCopy, ); }; };
		2DAAF0A11E66861A0077887C /* RealityView.swift in Sources */ = {isa = PBXBuildFile; fileRef = 2DAAF0A01E66861A0077887C /* RealityView.swift */; };
		42B2D51EC7DE3DD191DA9BDA /* LaunchScreen.storyboard in Resources */ = {isa = PBXBuildFile; fileRef = 437A86A3B0B002F88C7E309D /* LaunchScreen.storyboard */; };
		7DFA4D673A809CB860AAF237 /* Main.storyboard in Resources */ = {isa = PBXBuildFile; fileRef = 0E8093040A0AE99D9E152DCE /* Main.storyboard */; };
		AD279A035BDB613031F8BBE4 /* DataRecorderController.swift in Sources */ = {isa = PBXBuildFile; fileRef = B9F96C1162AC2A6FD79D9F8D /* DataRecorderController.swift */; };
		CE029616D3C034FCDB1BBE8F /* Assets.xcassets in Resources */ = {isa = PBXBuildFile; fileRef = 485FDDA80173541046797A7F /* Assets.xcassets */; };
		EFF74D0C4421C84A0A8AC72F /* AppDelegate.swift in Sources */ = {isa = PBXBuildFile; fileRef = BB8D879BF61AE3F0930E99A4 /* AppDelegate.swift */; };
/* End PBXBuildFile section */

/* Begin PBXCopyFilesBuildPhase section */
		2D83D6D01E677C5300E3A7CF /* Embed Frameworks */ = {
			isa = PBXCopyFilesBuildPhase;
			buildActionMask = 2147483647;
			dstPath = "";
			dstSubfolderSpec = 10;
			files = (
				2D83D6CF1E677C5300E3A7CF /* DataRecorderDeps.framework in Embed Frameworks */,
			);
			name = "Embed Frameworks";
			runOnlyForDeploymentPostprocessing = 0;
		};
/* End PBXCopyFilesBuildPhase section */

/* Begin PBXFileReference section */
		2D2AB32D1E677ACF0053BAD9 /* DataRecorderDeps.framework */ = {isa = PBXFileReference; lastKnownFileType = wrapper.framework; name = DataRecorderDeps.framework; path = Frameworks/DataRecorderDeps.framework; sourceTree = "<group>"; };
		2D3FB31B1E6772E30090EB84 /* DataRecorder-Bridging-Header.h */ = {isa = PBXFileReference; fileEncoding = 4; lastKnownFileType = sourcecode.c.h; name = "DataRecorder-Bridging-Header.h"; path = "../DataRecorder/DataRecorder-Bridging-Header.h"; sourceTree = "<group>"; };
		2DAAF0A01E66861A0077887C /* RealityView.swift */ = {isa = PBXFileReference; fileEncoding = 4; lastKnownFileType = sourcecode.swift; path = RealityView.swift; sourceTree = "<group>"; };
		485FDDA80173541046797A7F /* Assets.xcassets */ = {isa = PBXFileReference; lastKnownFileType = folder.assetcatalog; path = Assets.xcassets; sourceTree = "<group>"; };
		5EBFBF6FB1249CFDEE2C570E /* Info.plist */ = {isa = PBXFileReference; lastKnownFileType = text.plist.xml; path = Info.plist; sourceTree = "<group>"; };
		64F539C91CCFBF07E32F7E19 /* Base */ = {isa = PBXFileReference; lastKnownFileType = file.storyboard; name = Base; path = Base.lproj/Main.storyboard; sourceTree = "<group>"; };
		7E27F8A61A6EBC2BD68DD337 /* DataRecorder.app */ = {isa = PBXFileReference; explicitFileType = wrapper.application; includeInIndex = 0; path = DataRecorder.app; sourceTree = BUILT_PRODUCTS_DIR; };
		AB3DCAA3EA78EBD50418E15C /* Base */ = {isa = PBXFileReference; lastKnownFileType = file.storyboard; name = Base; path = Base.lproj/LaunchScreen.storyboard; sourceTree = "<group>"; };
		B9F96C1162AC2A6FD79D9F8D /* DataRecorderController.swift */ = {isa = PBXFileReference; lastKnownFileType = sourcecode.swift; path = DataRecorderController.swift; sourceTree = "<group>"; };
		BB8D879BF61AE3F0930E99A4 /* AppDelegate.swift */ = {isa = PBXFileReference; lastKnownFileType = sourcecode.swift; path = AppDelegate.swift; sourceTree = "<group>"; };
/* End PBXFileReference section */

/* Begin PBXFrameworksBuildPhase section */
		A93DFFCC7882ACD010C02993 /* Frameworks */ = {
			isa = PBXFrameworksBuildPhase;
			buildActionMask = 2147483647;
			files = (
				2D83D6CE1E677C5300E3A7CF /* DataRecorderDeps.framework in Frameworks */,
			);
			runOnlyForDeploymentPostprocessing = 0;
		};
/* End PBXFrameworksBuildPhase section */

/* Begin PBXGroup section */
		2D2AB32A1E677AB80053BAD9 /* Frameworks */ = {
			isa = PBXGroup;
			children = (
				2D2AB32D1E677ACF0053BAD9 /* DataRecorderDeps.framework */,
			);
			name = Frameworks;
			sourceTree = "<group>";
		};
		90B559F731984063A69CB800 /* Products */ = {
			isa = PBXGroup;
			children = (
				7E27F8A61A6EBC2BD68DD337 /* DataRecorder.app */,
			);
			name = Products;
			sourceTree = "<group>";
		};
		A0F3A3B928682227DD5290F1 = {
			isa = PBXGroup;
			children = (
				A34F4504F16579A04622F51E /* DataRecorder */,
				90B559F731984063A69CB800 /* Products */,
				2D2AB32A1E677AB80053BAD9 /* Frameworks */,
			);
			sourceTree = "<group>";
		};
		A34F4504F16579A04622F51E /* DataRecorder */ = {
			isa = PBXGroup;
			children = (
				BB8D879BF61AE3F0930E99A4 /* AppDelegate.swift */,
				B9F96C1162AC2A6FD79D9F8D /* DataRecorderController.swift */,
				0E8093040A0AE99D9E152DCE /* Main.storyboard */,
				485FDDA80173541046797A7F /* Assets.xcassets */,
				437A86A3B0B002F88C7E309D /* LaunchScreen.storyboard */,
				5EBFBF6FB1249CFDEE2C570E /* Info.plist */,
				2DAAF0A01E66861A0077887C /* RealityView.swift */,
				2D3FB31B1E6772E30090EB84 /* DataRecorder-Bridging-Header.h */,
			);
			path = DataRecorder;
			sourceTree = "<group>";
		};
/* End PBXGroup section */

/* Begin PBXNativeTarget section */
		56EC681CB07837C0665D79CD /* DataRecorder */ = {
			isa = PBXNativeTarget;
			buildConfigurationList = 08CBEC706DA7391CA22A92FA /* Build configuration list for PBXNativeTarget "DataRecorder" */;
			buildPhases = (
				365261DE49770D06EB29B6B8 /* Sources */,
				A93DFFCC7882ACD010C02993 /* Frameworks */,
				6832E8DDAC6C476FEA71B5C2 /* Resources */,
				2D83D6D01E677C5300E3A7CF /* Embed Frameworks */,
			);
			buildRules = (
			);
			dependencies = (
			);
			name = DataRecorder;
			productName = DataRecorder;
			productReference = 7E27F8A61A6EBC2BD68DD337 /* DataRecorder.app */;
			productType = "com.apple.product-type.application";
		};
/* End PBXNativeTarget section */

/* Begin PBXProject section */
		7DE4C292367850BEB36F2424 /* Project object */ = {
			isa = PBXProject;
			attributes = {
				LastSwiftUpdateCheck = 0810;
				LastUpgradeCheck = 0810;
				ORGANIZATIONNAME = "8th Wall";
				TargetAttributes = {
					56EC681CB07837C0665D79CD = {
						CreatedOnToolsVersion = 8.1;
						DevelopmentTeam = SW54W36WNF;
						LastSwiftMigration = 0910;
						ProvisioningStyle = Automatic;
					};
				};
			};
			buildConfigurationList = 0337759AFF39D171352C0824 /* Build configuration list for PBXProject "DataRecorder" */;
			compatibilityVersion = "Xcode 3.2";
			developmentRegion = English;
			hasScannedForEncodings = 0;
			knownRegions = (
				English,
				en,
				Base,
			);
			mainGroup = A0F3A3B928682227DD5290F1;
			productRefGroup = 90B559F731984063A69CB800 /* Products */;
			projectDirPath = "";
			projectRoot = "";
			targets = (
				56EC681CB07837C0665D79CD /* DataRecorder */,
			);
		};
/* End PBXProject section */

/* Begin PBXResourcesBuildPhase section */
		6832E8DDAC6C476FEA71B5C2 /* Resources */ = {
			isa = PBXResourcesBuildPhase;
			buildActionMask = 2147483647;
			files = (
				42B2D51EC7DE3DD191DA9BDA /* LaunchScreen.storyboard in Resources */,
				CE029616D3C034FCDB1BBE8F /* Assets.xcassets in Resources */,
				7DFA4D673A809CB860AAF237 /* Main.storyboard in Resources */,
			);
			runOnlyForDeploymentPostprocessing = 0;
		};
/* End PBXResourcesBuildPhase section */

/* Begin PBXSourcesBuildPhase section */
		365261DE49770D06EB29B6B8 /* Sources */ = {
			isa = PBXSourcesBuildPhase;
			buildActionMask = 2147483647;
			files = (
				AD279A035BDB613031F8BBE4 /* DataRecorderController.swift in Sources */,
				2DAAF0A11E66861A0077887C /* RealityView.swift in Sources */,
				EFF74D0C4421C84A0A8AC72F /* AppDelegate.swift in Sources */,
			);
			runOnlyForDeploymentPostprocessing = 0;
		};
/* End PBXSourcesBuildPhase section */

/* Begin PBXVariantGroup section */
		0E8093040A0AE99D9E152DCE /* Main.storyboard */ = {
			isa = PBXVariantGroup;
			children = (
				64F539C91CCFBF07E32F7E19 /* Base */,
			);
			name = Main.storyboard;
			sourceTree = "<group>";
		};
		437A86A3B0B002F88C7E309D /* LaunchScreen.storyboard */ = {
			isa = PBXVariantGroup;
			children = (
				AB3DCAA3EA78EBD50418E15C /* Base */,
			);
			name = LaunchScreen.storyboard;
			sourceTree = "<group>";
		};
/* End PBXVariantGroup section */

/* Begin XCBuildConfiguration section */
		113280C2CB468C7939A38753 /* Release */ = {
			isa = XCBuildConfiguration;
			buildSettings = {
				ALWAYS_SEARCH_USER_PATHS = NO;
				CLANG_ANALYZER_NONNULL = YES;
				CLANG_CXX_LANGUAGE_STANDARD = "gnu++0x";
				CLANG_CXX_LIBRARY = "libc++";
				CLANG_ENABLE_MODULES = YES;
				CLANG_ENABLE_OBJC_ARC = YES;
				CLANG_WARN_BOOL_CONVERSION = YES;
				CLANG_WARN_CONSTANT_CONVERSION = YES;
				CLANG_WARN_DIRECT_OBJC_ISA_USAGE = YES_ERROR;
				CLANG_WARN_DOCUMENTATION_COMMENTS = YES;
				CLANG_WARN_EMPTY_BODY = YES;
				CLANG_WARN_ENUM_CONVERSION = YES;
				CLANG_WARN_INFINITE_RECURSION = YES;
				CLANG_WARN_INT_CONVERSION = YES;
				CLANG_WARN_OBJC_ROOT_CLASS = YES_ERROR;
				CLANG_WARN_SUSPICIOUS_MOVES = YES;
				CLANG_WARN_UNREACHABLE_CODE = YES;
				CLANG_WARN__DUPLICATE_METHOD_MATCH = YES;
				"CODE_SIGN_IDENTITY[sdk=iphoneos*]" = "iPhone Developer";
				COPY_PHASE_STRIP = NO;
				DEBUG_INFORMATION_FORMAT = "dwarf-with-dsym";
				ENABLE_NS_ASSERTIONS = NO;
				ENABLE_STRICT_OBJC_MSGSEND = YES;
				GCC_C_LANGUAGE_STANDARD = gnu99;
				GCC_NO_COMMON_BLOCKS = YES;
				GCC_WARN_64_TO_32_BIT_CONVERSION = YES;
				GCC_WARN_ABOUT_RETURN_TYPE = YES_ERROR;
				GCC_WARN_UNDECLARED_SELECTOR = YES;
				GCC_WARN_UNINITIALIZED_AUTOS = YES_AGGRESSIVE;
				GCC_WARN_UNUSED_FUNCTION = YES;
				GCC_WARN_UNUSED_VARIABLE = YES;
				IPHONEOS_DEPLOYMENT_TARGET = 10.1;
				MTL_ENABLE_DEBUG_INFO = NO;
				SDKROOT = iphoneos;
				SWIFT_OPTIMIZATION_LEVEL = "-Owholemodule";
				TARGETED_DEVICE_FAMILY = "1,2";
				VALIDATE_PRODUCT = YES;
			};
			name = Release;
		};
		279EF182112BC4A1DFD92ED3 /* Release */ = {
			isa = XCBuildConfiguration;
			buildSettings = {
				ARCHS = arm64;
				ASSETCATALOG_COMPILER_APPICON_NAME = AppIcon;
				DEVELOPMENT_TEAM = SW54W36WNF;
				FRAMEWORK_SEARCH_PATHS = (
					"$(inherited)",
					"$(PROJECT_DIR)/Frameworks",
				);
				HEADER_SEARCH_PATHS = "\"$(SRCROOT)/Frameworks/DataRecorderDeps.framework/Headers\"";
				INFOPLIST_FILE = DataRecorder/Info.plist;
				IPHONEOS_DEPLOYMENT_TARGET = 11.0;
				LD_RUNPATH_SEARCH_PATHS = "$(inherited) @executable_path/Frameworks";
				PRODUCT_BUNDLE_IDENTIFIER = com.nianticlabs.DataRecorder;
				PRODUCT_NAME = "$(TARGET_NAME)";
				SWIFT_OBJC_BRIDGING_HEADER = "DataRecorder/DataRecorder-Bridging-Header.h";
				SWIFT_VERSION = 4.0;
				TARGETED_DEVICE_FAMILY = "1,2";
			};
			name = Release;
		};
		52C1D5D91ACF130C604291B1 /* Debug */ = {
			isa = XCBuildConfiguration;
			buildSettings = {
				ARCHS = arm64;
				ASSETCATALOG_COMPILER_APPICON_NAME = AppIcon;
				DEVELOPMENT_TEAM = SW54W36WNF;
				FRAMEWORK_SEARCH_PATHS = (
					"$(inherited)",
					"$(PROJECT_DIR)/Frameworks",
				);
				HEADER_SEARCH_PATHS = "\"$(SRCROOT)/Frameworks/DataRecorderDeps.framework/Headers\"";
				INFOPLIST_FILE = DataRecorder/Info.plist;
				IPHONEOS_DEPLOYMENT_TARGET = 11.0;
				LD_RUNPATH_SEARCH_PATHS = "$(inherited) @executable_path/Frameworks";
				PRODUCT_BUNDLE_IDENTIFIER = com.nianticlabs.DataRecorder;
				PRODUCT_NAME = "$(TARGET_NAME)";
				SWIFT_OBJC_BRIDGING_HEADER = "DataRecorder/DataRecorder-Bridging-Header.h";
				SWIFT_VERSION = 4.0;
				TARGETED_DEVICE_FAMILY = "1,2";
			};
			name = Debug;
		};
		DC9204D2E37D64F7A0745955 /* Debug */ = {
			isa = XCBuildConfiguration;
			buildSettings = {
				ALWAYS_SEARCH_USER_PATHS = NO;
				CLANG_ANALYZER_NONNULL = YES;
				CLANG_CXX_LANGUAGE_STANDARD = "gnu++0x";
				CLANG_CXX_LIBRARY = "libc++";
				CLANG_ENABLE_MODULES = YES;
				CLANG_ENABLE_OBJC_ARC = YES;
				CLANG_WARN_BOOL_CONVERSION = YES;
				CLANG_WARN_CONSTANT_CONVERSION = YES;
				CLANG_WARN_DIRECT_OBJC_ISA_USAGE = YES_ERROR;
				CLANG_WARN_DOCUMENTATION_COMMENTS = YES;
				CLANG_WARN_EMPTY_BODY = YES;
				CLANG_WARN_ENUM_CONVERSION = YES;
				CLANG_WARN_INFINITE_RECURSION = YES;
				CLANG_WARN_INT_CONVERSION = YES;
				CLANG_WARN_OBJC_ROOT_CLASS = YES_ERROR;
				CLANG_WARN_SUSPICIOUS_MOVES = YES;
				CLANG_WARN_UNREACHABLE_CODE = YES;
				CLANG_WARN__DUPLICATE_METHOD_MATCH = YES;
				"CODE_SIGN_IDENTITY[sdk=iphoneos*]" = "iPhone Developer";
				COPY_PHASE_STRIP = NO;
				DEBUG_INFORMATION_FORMAT = dwarf;
				ENABLE_STRICT_OBJC_MSGSEND = YES;
				ENABLE_TESTABILITY = YES;
				GCC_C_LANGUAGE_STANDARD = gnu99;
				GCC_DYNAMIC_NO_PIC = NO;
				GCC_NO_COMMON_BLOCKS = YES;
				GCC_OPTIMIZATION_LEVEL = 0;
				GCC_PREPROCESSOR_DEFINITIONS = (
					"DEBUG=1",
					"$(inherited)",
				);
				GCC_WARN_64_TO_32_BIT_CONVERSION = YES;
				GCC_WARN_ABOUT_RETURN_TYPE = YES_ERROR;
				GCC_WARN_UNDECLARED_SELECTOR = YES;
				GCC_WARN_UNINITIALIZED_AUTOS = YES_AGGRESSIVE;
				GCC_WARN_UNUSED_FUNCTION = YES;
				GCC_WARN_UNUSED_VARIABLE = YES;
				IPHONEOS_DEPLOYMENT_TARGET = 10.1;
				MTL_ENABLE_DEBUG_INFO = YES;
				ONLY_ACTIVE_ARCH = YES;
				SDKROOT = iphoneos;
				SWIFT_ACTIVE_COMPILATION_CONDITIONS = DEBUG;
				SWIFT_OPTIMIZATION_LEVEL = "-Onone";
				TARGETED_DEVICE_FAMILY = "1,2";
			};
			name = Debug;
		};
/* End XCBuildConfiguration section */

/* Begin XCConfigurationList section */
		0337759AFF39D171352C0824 /* Build configuration list for PBXProject "DataRecorder" */ = {
			isa = XCConfigurationList;
			buildConfigurations = (
				DC9204D2E37D64F7A0745955 /* Debug */,
				113280C2CB468C7939A38753 /* Release */,
			);
			defaultConfigurationIsVisible = 0;
			defaultConfigurationName = Release;
		};
		08CBEC706DA7391CA22A92FA /* Build configuration list for PBXNativeTarget "DataRecorder" */ = {
			isa = XCConfigurationList;
			buildConfigurations = (
				52C1D5D91ACF130C604291B1 /* Debug */,
				279EF182112BC4A1DFD92ED3 /* Release */,
			);
			defaultConfigurationIsVisible = 0;
			defaultConfigurationName = Release;
		};
/* End XCConfigurationList section */
	};
	rootObject = 7DE4C292367850BEB36F2424 /* Project object */;
}
